
Microsoft Visual Studio Solution File, Format Version 12.00
# Visual Studio Version 17
VisualStudioVersion = 17.6.33829.357
MinimumVisualStudioVersion = 10.0.40219.1
Project("{9A19103F-16F7-4668-BE54-9A1E7A4F7556}") = "AzureAI.Poc.Services.Api", "AzureAI.Poc.Services\AzureAI.Poc.Services.Api.csproj", "{CB379B6F-A063-4F80-8FED-9AE3D39727FE}"
EndProject
Project("{FAE04EC0-301F-11D3-BF4B-00C04F79EFBC}") = "AzureAI.Poc.Services.Api.Tests", "AzureAI.Poc.Services.Api.TranslatorTests\AzureAI.Poc.Services.Api.Tests.csproj", "{E8DE7BFA-150F-45A5-B7CB-B4A9BC91C8E2}"
EndProject
Global
	GlobalSection(SolutionConfigurationPlatforms) = preSolution
		Debug|Any CPU = Debug|Any CPU
		Release|Any CPU = Release|Any CPU
	EndGlobalSection
	GlobalSection(ProjectConfigurationPlatforms) = postSolution
		{CB379B6F-A063-4F80-8FED-9AE3D39727FE}.Debug|Any CPU.ActiveCfg = Debug|Any CPU
		{CB379B6F-A063-4F80-8FED-9AE3D39727FE}.Debug|Any CPU.Build.0 = Debug|Any CPU
		{CB379B6F-A063-4F80-8FED-9AE3D39727FE}.Release|Any CPU.ActiveCfg = Release|Any CPU
		{CB379B6F-A063-4F80-8FED-9AE3D39727FE}.Release|Any CPU.Build.0 = Release|Any CPU
		{E8DE7BFA-150F-45A5-B7CB-B4A9BC91C8E2}.Debug|Any CPU.ActiveCfg = Debug|Any CPU
		{E8DE7BFA-150F-45A5-B7CB-B4A9BC91C8E2}.Debug|Any CPU.Build.0 = Debug|Any CPU
		{E8DE7BFA-150F-45A5-B7CB-B4A9BC91C8E2}.Release|Any CPU.ActiveCfg = Release|Any CPU
		{E8DE7BFA-150F-45A5-B7CB-B4A9BC91C8E2}.Release|Any CPU.Build.0 = Release|Any CPU
	EndGlobalSection
	GlobalSection(SolutionProperties) = preSolution
		HideSolutionNode = FALSE
	EndGlobalSection
	GlobalSection(ExtensibilityGlobals) = postSolution
		SolutionGuid = {DE824D04-C4F1-4E65-A429-06E1E8CC6BA4}
	EndGlobalSection
EndGlobal
